
Microsoft Visual Studio Solution File, Format Version 12.00
# Visual Studio 15
VisualStudioVersion = 15.0.27428.2005
MinimumVisualStudioVersion = 10.0.40219.1
Project("{FAE04EC0-301F-11D3-BF4B-00C04F79EFBC}") = "ObjectMemoryCache", "ObjectMemoryCache\ObjectMemoryCache.csproj", "{782E2044-F588-465A-974A-89B2AE2017C3}"
EndProject
Project("{FAE04EC0-301F-11D3-BF4B-00C04F79EFBC}") = "UnitTestObjectMemoryCache", "UnitTestObjectMemoryCache\UnitTestObjectMemoryCache.csproj", "{D3A578F4-2CD2-4310-B125-6325CA3FBB4C}"
EndProject
Global
	GlobalSection(SolutionConfigurationPlatforms) = preSolution
		Debug|Any CPU = Debug|Any CPU
		Release|Any CPU = Release|Any CPU
	EndGlobalSection
	GlobalSection(ProjectConfigurationPlatforms) = postSolution
		{782E2044-F588-465A-974A-89B2AE2017C3}.Debug|Any CPU.ActiveCfg = Debug|Any CPU
		{782E2044-F588-465A-974A-89B2AE2017C3}.Debug|Any CPU.Build.0 = Debug|Any CPU
		{782E2044-F588-465A-974A-89B2AE2017C3}.Release|Any CPU.ActiveCfg = Release|Any CPU
		{782E2044-F588-465A-974A-89B2AE2017C3}.Release|Any CPU.Build.0 = Release|Any CPU
		{D3A578F4-2CD2-4310-B125-6325CA3FBB4C}.Debug|Any CPU.ActiveCfg = Debug|Any CPU
		{D3A578F4-2CD2-4310-B125-6325CA3FBB4C}.Debug|Any CPU.Build.0 = Debug|Any CPU
		{D3A578F4-2CD2-4310-B125-6325CA3FBB4C}.Release|Any CPU.ActiveCfg = Release|Any CPU
		{D3A578F4-2CD2-4310-B125-6325CA3FBB4C}.Release|Any CPU.Build.0 = Release|Any CPU
	EndGlobalSection
	GlobalSection(SolutionProperties) = preSolution
		HideSolutionNode = FALSE
	EndGlobalSection
	GlobalSection(ExtensibilityGlobals) = postSolution
		SolutionGuid = {C03B1BAB-052E-4499-B4E7-A9CBB3172B76}
	EndGlobalSection
EndGlobal
